
Microsoft Visual Studio Solution File, Format Version 12.00
# Visual Studio Version 17
VisualStudioVersion = 17.14.36401.2 d17.14
MinimumVisualStudioVersion = 10.0.40219.1
Project("{8BC9CEB8-8B4A-11D0-8D11-00A0C91BC942}") = "LAB04-1", "ConsoleApplication1\ConsoleApplication1.vcxproj", "{5DB34719-325C-4633-B046-3549D2199C3D}"
EndProject
Project("{8BC9CEB8-8B4A-11D0-8D11-00A0C91BC942}") = "LAB04-2", "..\LAB04\LAB04-2\LAB04-2.vcxproj", "{1B1CE853-430C-4E0A-95B5-7ED8357CEB70}"
EndProject
Project("{8BC9CEB8-8B4A-11D0-8D11-00A0C91BC942}") = "LAB04-3", "..\LAB04-3\LAB04-3.vcxproj", "{41C2A592-1C06-4B43-B57D-47BA7B796679}"
EndProject
Project("{8BC9CEB8-8B4A-11D0-8D11-00A0C91BC942}") = "LAB04-4", "..\LAB04-4\LAB04-4.vcxproj", "{10B8629E-7FA4-41C0-98B5-FE1B485D2A1A}"
EndProject
Project("{8BC9CEB8-8B4A-11D0-8D11-00A0C91BC942}") = "LAB04-5", "..\LAB04-5\LAB04-5.vcxproj", "{545E939E-5982-4652-903C-C8FC5F330BBC}"
EndProject
Project("{8BC9CEB8-8B4A-11D0-8D11-00A0C91BC942}") = "LAB04-6", "..\LAB04-6\LAB04-6.vcxproj", "{E48F328C-1504-41C4-9626-8284C9A13E3F}"
EndProject
Project("{8BC9CEB8-8B4A-11D0-8D11-00A0C91BC942}") = "LAB04-7", "..\LAB04-7\LAB04-7.vcxproj", "{12AD905A-25BF-486A-8A42-8C60B035F97B}"
EndProject
Global
	GlobalSection(SolutionConfigurationPlatforms) = preSolution
		Debug|x64 = Debug|x64
		Debug|x86 = Debug|x86
		Release|x64 = Release|x64
		Release|x86 = Release|x86
	EndGlobalSection
	GlobalSection(ProjectConfigurationPlatforms) = postSolution
		{5DB34719-325C-4633-B046-3549D2199C3D}.Debug|x64.ActiveCfg = Debug|x64
		{5DB34719-325C-4633-B046-3549D2199C3D}.Debug|x64.Build.0 = Debug|x64
		{5DB34719-325C-4633-B046-3549D2199C3D}.Debug|x86.ActiveCfg = Debug|Win32
		{5DB34719-325C-4633-B046-3549D2199C3D}.Debug|x86.Build.0 = Debug|Win32
		{5DB34719-325C-4633-B046-3549D2199C3D}.Release|x64.ActiveCfg = Release|x64
		{5DB34719-325C-4633-B046-3549D2199C3D}.Release|x64.Build.0 = Release|x64
		{5DB34719-325C-4633-B046-3549D2199C3D}.Release|x86.ActiveCfg = Release|Win32
		{5DB34719-325C-4633-B046-3549D2199C3D}.Release|x86.Build.0 = Release|Win32
		{1B1CE853-430C-4E0A-95B5-7ED8357CEB70}.Debug|x64.ActiveCfg = Debug|x64
		{1B1CE853-430C-4E0A-95B5-7ED8357CEB70}.Debug|x64.Build.0 = Debug|x64
		{1B1CE853-430C-4E0A-95B5-7ED8357CEB70}.Debug|x86.ActiveCfg = Debug|Win32
		{1B1CE853-430C-4E0A-95B5-7ED8357CEB70}.Debug|x86.Build.0 = Debug|Win32
		{1B1CE853-430C-4E0A-95B5-7ED8357CEB70}.Release|x64.ActiveCfg = Release|x64
		{1B1CE853-430C-4E0A-95B5-7ED8357CEB70}.Release|x64.Build.0 = Release|x64
		{1B1CE853-430C-4E0A-95B5-7ED8357CEB70}.Release|x86.ActiveCfg = Release|Win32
		{1B1CE853-430C-4E0A-95B5-7ED8357CEB70}.Release|x86.Build.0 = Release|Win32
		{41C2A592-1C06-4B43-B57D-47BA7B796679}.Debug|x64.ActiveCfg = Debug|x64
		{41C2A592-1C06-4B43-B57D-47BA7B796679}.Debug|x64.Build.0 = Debug|x64
		{41C2A592-1C06-4B43-B57D-47BA7B796679}.Debug|x86.ActiveCfg = Debug|Win32
		{41C2A592-1C06-4B43-B57D-47BA7B796679}.Debug|x86.Build.0 = Debug|Win32
		{41C2A592-1C06-4B43-B57D-47BA7B796679}.Release|x64.ActiveCfg = Release|x64
		{41C2A592-1C06-4B43-B57D-47BA7B796679}.Release|x64.Build.0 = Release|x64
		{41C2A592-1C06-4B43-B57D-47BA7B796679}.Release|x86.ActiveCfg = Release|Win32
		{41C2A592-1C06-4B43-B57D-47BA7B796679}.Release|x86.Build.0 = Release|Win32
		{10B8629E-7FA4-41C0-98B5-FE1B485D2A1A}.Debug|x64.ActiveCfg = Debug|x64
		{10B8629E-7FA4-41C0-98B5-FE1B485D2A1A}.Debug|x64.Build.0 = Debug|x64
		{10B8629E-7FA4-41C0-98B5-FE1B485D2A1A}.Debug|x86.ActiveCfg = Debug|Win32
		{10B8629E-7FA4-41C0-98B5-FE1B485D2A1A}.Debug|x86.Build.0 = Debug|Win32
		{10B8629E-7FA4-41C0-98B5-FE1B485D2A1A}.Release|x64.ActiveCfg = Release|x64
		{10B8629E-7FA4-41C0-98B5-FE1B485D2A1A}.Release|x64.Build.0 = Release|x64
		{10B8629E-7FA4-41C0-98B5-FE1B485D2A1A}.Release|x86.ActiveCfg = Release|Win32
		{10B8629E-7FA4-41C0-98B5-FE1B485D2A1A}.Release|x86.Build.0 = Release|Win32
		{545E939E-5982-4652-903C-C8FC5F330BBC}.Debug|x64.ActiveCfg = Debug|x64
		{545E939E-5982-4652-903C-C8FC5F330BBC}.Debug|x64.Build.0 = Debug|x64
		{545E939E-5982-4652-903C-C8FC5F330BBC}.Debug|x86.ActiveCfg = Debug|Win32
		{545E939E-5982-4652-903C-C8FC5F330BBC}.Debug|x86.Build.0 = Debug|Win32
		{545E939E-5982-4652-903C-C8FC5F330BBC}.Release|x64.ActiveCfg = Release|x64
		{545E939E-5982-4652-903C-C8FC5F330BBC}.Release|x64.Build.0 = Release|x64
		{545E939E-5982-4652-903C-C8FC5F330BBC}.Release|x86.ActiveCfg = Release|Win32
		{545E939E-5982-4652-903C-C8FC5F330BBC}.Release|x86.Build.0 = Release|Win32
		{E48F328C-1504-41C4-9626-8284C9A13E3F}.Debug|x64.ActiveCfg = Debug|x64
		{E48F328C-1504-41C4-9626-8284C9A13E3F}.Debug|x64.Build.0 = Debug|x64
		{E48F328C-1504-41C4-9626-8284C9A13E3F}.Debug|x86.ActiveCfg = Debug|Win32
		{E48F328C-1504-41C4-9626-8284C9A13E3F}.Debug|x86.Build.0 = Debug|Win32
		{E48F328C-1504-41C4-9626-8284C9A13E3F}.Release|x64.ActiveCfg = Release|x64
		{E48F328C-1504-41C4-9626-8284C9A13E3F}.Release|x64.Build.0 = Release|x64
		{E48F328C-1504-41C4-9626-8284C9A13E3F}.Release|x86.ActiveCfg = Release|Win32
		{E48F328C-1504-41C4-9626-8284C9A13E3F}.Release|x86.Build.0 = Release|Win32
		{12AD905A-25BF-486A-8A42-8C60B035F97B}.Debug|x64.ActiveCfg = Debug|x64
		{12AD905A-25BF-486A-8A42-8C60B035F97B}.Debug|x64.Build.0 = Debug|x64
		{12AD905A-25BF-486A-8A42-8C60B035F97B}.Debug|x86.ActiveCfg = Debug|Win32
		{12AD905A-25BF-486A-8A42-8C60B035F97B}.Debug|x86.Build.0 = Debug|Win32
		{12AD905A-25BF-486A-8A42-8C60B035F97B}.Release|x64.ActiveCfg = Release|x64
		{12AD905A-25BF-486A-8A42-8C60B035F97B}.Release|x64.Build.0 = Release|x64
		{12AD905A-25BF-486A-8A42-8C60B035F97B}.Release|x86.ActiveCfg = Release|Win32
		{12AD905A-25BF-486A-8A42-8C60B035F97B}.Release|x86.Build.0 = Release|Win32
	EndGlobalSection
	GlobalSection(SolutionProperties) = preSolution
		HideSolutionNode = FALSE
	EndGlobalSection
	GlobalSection(ExtensibilityGlobals) = postSolution
		SolutionGuid = {7F061B9D-366B-481D-B887-CE7608DBA020}
	EndGlobalSection
EndGlobal
